{
  "nodes": {
    "flake-file": {
      "locked": {
        "lastModified": 1784255282,
        "narHash": "sha256-srM+PTqxfyvbQ0BevsOtP8vQv/Ox6OMtY4DktoDxLKg=",
        "owner": "vic",
        "repo": "flake-file",
        "rev": "66ddd2f69a5c4677f0095c6f70eea1217dc45749",
        "type": "github"
      },
      "original": {
        "owner": "vic",
        "repo": "flake-file",
        "type": "github"
      }
    },
    "flake-parts": {
      "inputs": {
        "nixpkgs-lib": [
          "nixpkgs-lib"
        ]
      },
      "locked": {
        "lastModified": 1782949081,
        "narHash": "sha256-vp6Y/Grm98ESt6ceOkWiHWyZRDV3J1RID4w+6NWK9yA=",
        "owner": "hercules-ci",
        "repo": "flake-parts",
        "rev": "17c9d6cdfc60c64f4ee8d306f9bc0b4ccb51481e",
        "type": "github"
      },
      "original": {
        "owner": "hercules-ci",
        "repo": "flake-parts",
        "type": "github"
      }
    },
    "import-tree": {
      "locked": {
        "lastModified": 1784254960,
        "narHash": "sha256-iI88R3wHz8wTKQb5orvpc51L/Xr64AJyxid/0MKa/b8=",
        "owner": "vic",
        "repo": "import-tree",
        "rev": "4ebb10ae17d5f1ad366e7aef5b92cb8eecf24f69",
        "type": "github"
      },
      "original": {
        "owner": "vic",
        "repo": "import-tree",
        "type": "github"
      }
    },
    "nixpkgs": {
      "locked": {
        "lastModified": 1784282293,
        "narHash": "sha256-Qvf5DoKIqxiqvqHqp2BAXrwrA3ic5nMNA5DNagQB96I=",
        "rev": "a47c123a609287a012dfc44d281de2dd4ed13394",
        "type": "tarball",
        "url": "https://releases.nixos.org/nixpkgs/nixpkgs-26.11pre1036407.a47c123a6092/nixexprs.tar.xz"
      },
      "original": {
        "type": "tarball",
        "url": "https://channels.nixos.org/nixpkgs-unstable/nixexprs.tar.xz"
      }
    },
    "root": {
      "inputs": {
        "flake-file": "flake-file",
        "flake-parts": "flake-parts",
        "import-tree": "import-tree",
        "nixpkgs": "nixpkgs",
        "nixpkgs-lib": [
          "nixpkgs"
        ]
      }
    }
  },
  "root": "root",
  "version": 7
}
